
Microsoft Visual Studio Solution File, Format Version 12.00
# Visual Studio Version 17
VisualStudioVersion = 17.6.33829.357
MinimumVisualStudioVersion = 10.0.40219.1
Project("{FAE04EC0-301F-11D3-BF4B-00C04F79EFBC}") = "Digitale Patientenakte", "Digitale Patientenakte\Digitale Patientenakte.csproj", "{9865EC3D-4558-44DD-AE30-6FA56D8D00E2}"
EndProject
Project("{FAE04EC0-301F-11D3-BF4B-00C04F79EFBC}") = "Digitale_Patientenakte.Tests", "Digitale_Patientenakte.Tests\Digitale_Patientenakte.Tests.csproj", "{4B698613-749F-4B47-87A2-ADC85F263D43}"
EndProject
Global
	GlobalSection(SolutionConfigurationPlatforms) = preSolution
		Debug|Any CPU = Debug|Any CPU
		Release|Any CPU = Release|Any CPU
	EndGlobalSection
	GlobalSection(ProjectConfigurationPlatforms) = postSolution
		{9865EC3D-4558-44DD-AE30-6FA56D8D00E2}.Debug|Any CPU.ActiveCfg = Debug|Any CPU
		{9865EC3D-4558-44DD-AE30-6FA56D8D00E2}.Debug|Any CPU.Build.0 = Debug|Any CPU
		{9865EC3D-4558-44DD-AE30-6FA56D8D00E2}.Release|Any CPU.ActiveCfg = Release|Any CPU
		{9865EC3D-4558-44DD-AE30-6FA56D8D00E2}.Release|Any CPU.Build.0 = Release|Any CPU
		{4B698613-749F-4B47-87A2-ADC85F263D43}.Debug|Any CPU.ActiveCfg = Debug|Any CPU
		{4B698613-749F-4B47-87A2-ADC85F263D43}.Debug|Any CPU.Build.0 = Debug|Any CPU
		{4B698613-749F-4B47-87A2-ADC85F263D43}.Release|Any CPU.ActiveCfg = Release|Any CPU
		{4B698613-749F-4B47-87A2-ADC85F263D43}.Release|Any CPU.Build.0 = Release|Any CPU
	EndGlobalSection
	GlobalSection(SolutionProperties) = preSolution
		HideSolutionNode = FALSE
	EndGlobalSection
	GlobalSection(ExtensibilityGlobals) = postSolution
		SolutionGuid = {16F3AE05-B96D-4318-AE96-211866D48FAD}
	EndGlobalSection
EndGlobal
